// !$*UTF8*$!
{
	archiveVersion = 1;
	classes = {
	};
	objectVersion = 46;
	objects = {

/* Begin PBXBuildFile section */
		C95E493E1E5CD726000B3C86 /* AppDelegate.swift in Sources */ = {isa = PBXBuildFile; fileRef = C95E493D1E5CD726000B3C86 /* AppDelegate.swift */; };
		C95E49401E5CD726000B3C86 /* ViewController.swift in Sources */ = {isa = PBXBuildFile; fileRef = C95E493F1E5CD726000B3C86 /* ViewController.swift */; };
		C95E49431E5CD726000B3C86 /* Main.storyboard in Resources */ = {isa = PBXBuildFile; fileRef = C95E49411E5CD726000B3C86 /* Main.storyboard */; };
		C95E49451E5CD726000B3C86 /* Assets.xcassets in Resources */ = {isa = PBXBuildFile; fileRef = C95E49441E5CD726000B3C86 /* Assets.xcassets */; };
		C95E49481E5CD726000B3C86 /* LaunchScreen.storyboard in Resources */ = {isa = PBXBuildFile; fileRef = C95E49461E5CD726000B3C86 /* LaunchScreen.storyboard */; };
/* End PBXBuildFile section */

/* Begin PBXFileReference section */
		C95E493A1E5CD725000B3C86 /* TicTacDough.app */ = {isa = PBXFileReference; explicitFileType = wrapper.application; includeInIndex = 0; path = TicTacDough.app; sourceTree = BUILT_PRODUCTS_DIR; };
		C95E493D1E5CD726000B3C86 /* AppDelegate.swift */ = {isa = PBXFileReference; lastKnownFileType = sourcecode.swift; path = AppDelegate.swift; sourceTree = "<group>"; };
		C95E493F1E5CD726000B3C86 /* ViewController.swift */ = {isa = PBXFileReference; lastKnownFileType = sourcecode.swift; path = ViewController.swift; sourceTree = "<group>"; };
		C95E49421E5CD726000B3C86 /* Base */ = {isa = PBXFileReference; lastKnownFileType = file.storyboard; name = Base; path = Base.lproj/Main.storyboard; sourceTree = "<group>"; };
		C95E49441E5CD726000B3C86 /* Assets.xcassets */ = {isa = PBXFileReference; lastKnownFileType = folder.assetcatalog; path = Assets.xcassets; sourceTree = "<group>"; };
		C95E49471E5CD726000B3C86 /* Base */ = {isa = PBXFileReference; lastKnownFileType = file.storyboard; name = Base; path = Base.lproj/LaunchScreen.storyboard; sourceTree = "<group>"; };
		C95E49491E5CD726000B3C86 /* Info.plist */ = {isa = PBXFileReference; lastKnownFileType = text.plist.xml; path = Info.plist; sourceTree = "<group>"; };
/* End PBXFileReference section */

/* Begin PBXFrameworksBuildPhase section */
		C95E49371E5CD725000B3C86 /* Frameworks */ = {
			isa = PBXFrameworksBuildPhase;
			buildActionMask = 2147483647;
			files = (
			);
			runOnlyForDeploymentPostprocessing = 0;
		};
/* End PBXFrameworksBuildPhase section */

/* Begin PBXGroup section */
		C95E49311E5CD725000B3C86 = {
			isa = PBXGroup;
			children = (
				C95E493C1E5CD725000B3C86 /* TicTacDough */,
				C95E493B1E5CD725000B3C86 /* Products */,
			);
			sourceTree = "<group>";
		};
		C95E493B1E5CD725000B3C86 /* Products */ = {
			isa = PBXGroup;
			children = (
				C95E493A1E5CD725000B3C86 /* TicTacDough.app */,
			);
			name = Products;
			sourceTree = "<group>";
		};
		C95E493C1E5CD725000B3C86 /* TicTacDough */ = {
			isa = PBXGroup;
			children = (
				C95E493D1E5CD726000B3C86 /* AppDelegate.swift */,
				C95E493F1E5CD726000B3C86 /* ViewController.swift */,
				C95E49411E5CD726000B3C86 /* Main.storyboard */,
				C95E49441E5CD726000B3C86 /* Assets.xcassets */,
				C95E49461E5CD726000B3C86 /* LaunchScreen.storyboard */,
				C95E49491E5CD726000B3C86 /* Info.plist */,
			);
			path = TicTacDough;
			sourceTree = "<group>";
		};
/* End PBXGroup section */

/* Begin PBXNativeTarget section */
		C95E49391E5CD725000B3C86 /* TicTacDough */ = {
			isa = PBXNativeTarget;
			buildConfigurationList = C95E494C1E5CD726000B3C86 /* Build configuration list for PBXNativeTarget "TicTacDough" */;
			buildPhases = (
				C95E49361E5CD725000B3C86 /* Sources */,
				C95E49371E5CD725000B3C86 /* Frameworks */,
				C95E49381E5CD725000B3C86 /* Resources */,
			);
			buildRules = (
			);
			dependencies = (
			);
			name = TicTacDough;
			productName = TicTacDough;
			productReference = C95E493A1E5CD725000B3C86 /* TicTacDough.app */;
			productType = "com.apple.product-type.application";
		};
/* End PBXNativeTarget section */

/* Begin PBXProject section */
		C95E49321E5CD725000B3C86 /* Project object */ = {
			isa = PBXProject;
			attributes = {
				LastSwiftUpdateCheck = 0820;
				LastUpgradeCheck = 0820;
				ORGANIZATIONNAME = Callmeed;
				TargetAttributes = {
					C95E49391E5CD725000B3C86 = {
						CreatedOnToolsVersion = 8.2.1;
						DevelopmentTeam = BZJDMAXY3T;
						ProvisioningStyle = Automatic;
					};
				};
			};
			buildConfigurationList = C95E49351E5CD725000B3C86 /* Build configuration list for PBXProject "TicTacDough" */;
			compatibilityVersion = "Xcode 3.2";
			developmentRegion = English;
			hasScannedForEncodings = 0;
			knownRegions = (
				en,
				Base,
			);
			mainGroup = C95E49311E5CD725000B3C86;
			productRefGroup = C95E493B1E5CD725000B3C86 /* Products */;
			projectDirPath = "";
			projectRoot = "";
			targets = (
				C95E49391E5CD725000B3C86 /* TicTacDough */,
			);
		};
/* End PBXProject section */

/* Begin PBXResourcesBuildPhase section */
		C95E49381E5CD725000B3C86 /* Resources */ = {
			isa = PBXResourcesBuildPhase;
			buildActionMask = 2147483647;
			files = (
				C95E49481E5CD726000B3C86 /* LaunchScreen.storyboard in Resources */,
				C95E49451E5CD726000B3C86 /* Assets.xcassets in Resources */,
				C95E49431E5CD726000B3C86 /* Main.storyboard in Resources */,
			);
			runOnlyForDeploymentPostprocessing = 0;
		};
/* End PBXResourcesBuildPhase section */

/* Begin PBXSourcesBuildPhase section */
		C95E49361E5CD725000B3C86 /* Sources */ = {
			isa = PBXSourcesBuildPhase;
			buildActionMask = 2147483647;
			files = (
				C95E49401E5CD726000B3C86 /* ViewController.swift in Sources */,
				C95E493E1E5CD726000B3C86 /* AppDelegate.swift in Sources */,
			);
			runOnlyForDeploymentPostprocessing = 0;
		};
/* End PBXSourcesBuildPhase section */

/* Begin PBXVariantGroup section */
		C95E49411E5CD726000B3C86 /* Main.storyboard */ = {
			isa = PBXVariantGroup;
			children = (
				C95E49421E5CD726000B3C86 /* Base */,
			);
			name = Main.storyboard;
			sourceTree = "<group>";
		};
		C95E49461E5CD726000B3C86 /* LaunchScreen.storyboard */ = {
			isa = PBXVariantGroup;
			children = (
				C95E49471E5CD726000B3C86 /* Base */,
			);
			name = LaunchScreen.storyboard;
			sourceTree = "<group>";
		};
/* End PBXVariantGroup section */

/* Begin XCBuildConfiguration section */
		C95E494A1E5CD726000B3C86 /* Debug */ = {
			isa = XCBuildConfiguration;
			buildSettings = {
				ALWAYS_SEARCH_USER_PATHS = NO;
				CLANG_ANALYZER_NONNULL = YES;
				CLANG_CXX_LANGUAGE_STANDARD = "gnu++0x";
				CLANG_CXX_LIBRARY = "libc++";
				CLANG_ENABLE_MODULES = YES;
				CLANG_ENABLE_OBJC_ARC = YES;
				CLANG_WARN_BOOL_CONVERSION = YES;
				CLANG_WARN_CONSTANT_CONVERSION = YES;
				CLANG_WARN_DIRECT_OBJC_ISA_USAGE = YES_ERROR;
				CLANG_WARN_DOCUMENTATION_COMMENTS = YES;
				CLANG_WARN_EMPTY_BODY = YES;
				CLANG_WARN_ENUM_CONVERSION = YES;
				CLANG_WARN_INFINITE_RECURSION = YES;
				CLANG_WARN_INT_CONVERSION = YES;
				CLANG_WARN_OBJC_ROOT_CLASS = YES_ERROR;
				CLANG_WARN_SUSPICIOUS_MOVE = YES;
				CLANG_WARN_UNREACHABLE_CODE = YES;
				CLANG_WARN__DUPLICATE_METHOD_MATCH = YES;
				"CODE_SIGN_IDENTITY[sdk=iphoneos*]" = "iPhone Developer";
				COPY_PHASE_STRIP = NO;
				DEBUG_INFORMATION_FORMAT = dwarf;
				ENABLE_STRICT_OBJC_MSGSEND = YES;
				ENABLE_TESTABILITY = YES;
				GCC_C_LANGUAGE_STANDARD = gnu99;
				GCC_DYNAMIC_NO_PIC = NO;
				GCC_NO_COMMON_BLOCKS = YES;
				GCC_OPTIMIZATION_LEVEL = 0;
				GCC_PREPROCESSOR_DEFINITIONS = (
					"DEBUG=1",
					"$(inherited)",
				);
				GCC_WARN_64_TO_32_BIT_CONVERSION = YES;
				GCC_WARN_ABOUT_RETURN_TYPE = YES_ERROR;
				GCC_WARN_UNDECLARED_SELECTOR = YES;
				GCC_WARN_UNINITIALIZED_AUTOS = YES_AGGRESSIVE;
				GCC_WARN_UNUSED_FUNCTION = YES;
				GCC_WARN_UNUSED_VARIABLE = YES;
				IPHONEOS_DEPLOYMENT_TARGET = 10.2;
				MTL_ENABLE_DEBUG_INFO = YES;
				ONLY_ACTIVE_ARCH = YES;
				SDKROOT = iphoneos;
				SWIFT_ACTIVE_COMPILATION_CONDITIONS = DEBUG;
				SWIFT_OPTIMIZATION_LEVEL = "-Onone";
			};
			name = Debug;
		};
		C95E494B1E5CD726000B3C86 /* Release */ = {
			isa = XCBuildConfiguration;
			buildSettings = {
				ALWAYS_SEARCH_USER_PATHS = NO;
				CLANG_ANALYZER_NONNULL = YES;
				CLANG_CXX_LANGUAGE_STANDARD = "gnu++0x";
				CLANG_CXX_LIBRARY = "libc++";
				CLANG_ENABLE_MODULES = YES;
				CLANG_ENABLE_OBJC_ARC = YES;
				CLANG_WARN_BOOL_CONVERSION = YES;
				CLANG_WARN_CONSTANT_CONVERSION = YES;
				CLANG_WARN_DIRECT_OBJC_ISA_USAGE = YES_ERROR;
				CLANG_WARN_DOCUMENTATION_COMMENTS = YES;
				CLANG_WARN_EMPTY_BODY = YES;
				CLANG_WARN_ENUM_CONVERSION = YES;
				CLANG_WARN_INFINITE_RECURSION = YES;
				CLANG_WARN_INT_CONVERSION = YES;
				CLANG_WARN_OBJC_ROOT_CLASS = YES_ERROR;
				CLANG_WARN_SUSPICIOUS_MOVE = YES;
				CLANG_WARN_UNREACHABLE_CODE = YES;
				CLANG_WARN__DUPLICATE_METHOD_MATCH = YES;
				"CODE_SIGN_IDENTITY[sdk=iphoneos*]" = "iPhone Developer";
				COPY_PHASE_STRIP = NO;
				DEBUG_INFORMATION_FORMAT = "dwarf-with-dsym";
				ENABLE_NS_ASSERTIONS = NO;
				ENABLE_STRICT_OBJC_MSGSEND = YES;
				GCC_C_LANGUAGE_STANDARD = gnu99;
				GCC_NO_COMMON_BLOCKS = YES;
				GCC_WARN_64_TO_32_BIT_CONVERSION = YES;
				GCC_WARN_ABOUT_RETURN_TYPE = YES_ERROR;
				GCC_WARN_UNDECLARED_SELECTOR = YES;
				GCC_WARN_UNINITIALIZED_AUTOS = YES_AGGRESSIVE;
				GCC_WARN_UNUSED_FUNCTION = YES;
				GCC_WARN_UNUSED_VARIABLE = YES;
				IPHONEOS_DEPLOYMENT_TARGET = 10.2;
				MTL_ENABLE_DEBUG_INFO = NO;
				SDKROOT = iphoneos;
				SWIFT_OPTIMIZATION_LEVEL = "-Owholemodule";
				VALIDATE_PRODUCT = YES;
			};
			name = Release;
		};
		C95E494D1E5CD726000B3C86 /* Debug */ = {
			isa = XCBuildConfiguration;
			buildSettings = {
				ASSETCATALOG_COMPILER_APPICON_NAME = AppIcon;
				DEVELOPMENT_TEAM = BZJDMAXY3T;
				INFOPLIST_FILE = TicTacDough/Info.plist;
				LD_RUNPATH_SEARCH_PATHS = "$(inherited) @executable_path/Frameworks";
				PRODUCT_BUNDLE_IDENTIFIER = co.callmeed.TicTacDough;
				PRODUCT_NAME = "$(TARGET_NAME)";
				SWIFT_VERSION = 3.0;
			};
			name = Debug;
		};
		C95E494E1E5CD726000B3C86 /* Release */ = {
			isa = XCBuildConfiguration;
			buildSettings = {
				ASSETCATALOG_COMPILER_APPICON_NAME = AppIcon;
				DEVELOPMENT_TEAM = BZJDMAXY3T;
				INFOPLIST_FILE = TicTacDough/Info.plist;
				LD_RUNPATH_SEARCH_PATHS = "$(inherited) @executable_path/Frameworks";
				PRODUCT_BUNDLE_IDENTIFIER = co.callmeed.TicTacDough;
				PRODUCT_NAME = "$(TARGET_NAME)";
				SWIFT_VERSION = 3.0;
			};
			name = Release;
		};
/* End XCBuildConfiguration section */

/* Begin XCConfigurationList section */
		C95E49351E5CD725000B3C86 /* Build configuration list for PBXProject "TicTacDough" */ = {
			isa = XCConfigurationList;
			buildConfigurations = (
				C95E494A1E5CD726000B3C86 /* Debug */,
				C95E494B1E5CD726000B3C86 /* Release */,
			);
			defaultConfigurationIsVisible = 0;
			defaultConfigurationName = Release;
		};
		C95E494C1E5CD726000B3C86 /* Build configuration list for PBXNativeTarget "TicTacDough" */ = {
			isa = XCConfigurationList;
			buildConfigurations = (
				C95E494D1E5CD726000B3C86 /* Debug */,
				C95E494E1E5CD726000B3C86 /* Release */,
			);
			defaultConfigurationIsVisible = 0;
			defaultConfigurationName = Release;
		};
/* End XCConfigurationList section */
	};
	rootObject = C95E49321E5CD725000B3C86 /* Project object */;
}
